
Microsoft Visual Studio Solution File, Format Version 12.00
# Visual Studio 15
VisualStudioVersion = 15.0.28307.1267
MinimumVisualStudioVersion = 10.0.40219.1
Project("{9A19103F-16F7-4668-BE54-9A1E7A4F7556}") = "ScMS.UI", "Client\ScMS.UI.csproj", "{778D69B2-411A-4530-9255-BED541399600}"
EndProject
Project("{9A19103F-16F7-4668-BE54-9A1E7A4F7556}") = "ScMS.DataHost", "Lib\ScMS.DataHost.csproj", "{3184CA89-3572-431B-9619-C4005862D9EA}"
EndProject
Global
	GlobalSection(SolutionConfigurationPlatforms) = preSolution
		Debug|Any CPU = Debug|Any CPU
		Release|Any CPU = Release|Any CPU
	EndGlobalSection
	GlobalSection(ProjectConfigurationPlatforms) = postSolution
		{778D69B2-411A-4530-9255-BED541399600}.Debug|Any CPU.ActiveCfg = Debug|Any CPU
		{778D69B2-411A-4530-9255-BED541399600}.Debug|Any CPU.Build.0 = Debug|Any CPU
		{778D69B2-411A-4530-9255-BED541399600}.Release|Any CPU.ActiveCfg = Release|Any CPU
		{778D69B2-411A-4530-9255-BED541399600}.Release|Any CPU.Build.0 = Release|Any CPU
		{3184CA89-3572-431B-9619-C4005862D9EA}.Debug|Any CPU.ActiveCfg = Debug|Any CPU
		{3184CA89-3572-431B-9619-C4005862D9EA}.Debug|Any CPU.Build.0 = Debug|Any CPU
		{3184CA89-3572-431B-9619-C4005862D9EA}.Release|Any CPU.ActiveCfg = Release|Any CPU
		{3184CA89-3572-431B-9619-C4005862D9EA}.Release|Any CPU.Build.0 = Release|Any CPU
	EndGlobalSection
	GlobalSection(SolutionProperties) = preSolution
		HideSolutionNode = FALSE
	EndGlobalSection
	GlobalSection(ExtensibilityGlobals) = postSolution
		SolutionGuid = {FA58BB68-0F59-47EB-8AED-82A994C4E965}
	EndGlobalSection
EndGlobal
